{
    "_meta": {
        "hash": {
            "sha256": "8317cea137a3da84106a8475212ced76d78e483084c38feb7e96afdda0a4c2f3"
        },
        "pipfile-spec": 6,
        "requires": {
            "python_version": "3.7"
        },
        "sources": [
            {
                "name": "pypi",
                "url": "https://pypi.org/simple",
                "verify_ssl": true
            }
        ]
    },
    "default": {
        "argcomplete": {
            "hashes": [
                "sha256:17f01a9b9b9ece3e6b07058eae737ad6e10de8b4e149105f84614783913aba71",
                "sha256:de0e1282330940d52ea92a80fea2e4b9e0da1932aaa570f84d268939d1897b04"
            ],
            "version": "==1.12.2"
        },
        "boto3": {
            "hashes": [
                "sha256:2d1dd1ad3212c389074280c3fc714fd7b038cca259e9b179c58874d0da364de6"
            ],
            "version": "==1.17.37"
        },
        "botocore": {
            "hashes": [
                "sha256:382d83c0a5b2106c8d0d7a67fb56945197a29cbd0f21625b032ca6941cc4ae31",
                "sha256:c78add1ad17646cb952ee67f9f8771a26b269d682edf2708deac7c5d2bc1526d"
            ],
            "version": "==1.20.37"
        },
        "certifi": {
            "hashes": [
                "sha256:1a4995114262bffbc2413b159f2a1a480c969de6e6eb13ee966d470af86af59c",
                "sha256:719a74fb9e33b9bd44cc7f3a8d94bc35e4049deebe19ba7d8e108280cfd59830"
            ],
            "version": "==2020.12.5"
        },
        "cfn-flip": {
            "hashes": [
                "sha256:2bed32a1f4dca26dc64178d52511fd4ef778b5ccbcf32559cac884ace75bde6a"
            ],
            "version": "==1.2.3"
        },
        "chardet": {
            "hashes": [
                "sha256:84ab92ed1c4d4f16916e05906b6b75a6c0fb5db821cc65e70cbd64a3e2a5eaae",
                "sha256:fc323ffcaeaed0e0a02bf4d117757b98aed530d9ed4531e3e15460124c106691"
            ],
            "version": "==3.0.4"
        },
        "click": {
            "hashes": [
                "sha256:d2b5255c7c6349bc1bd1e59e08cd12acbbd63ce649f2588755783aa94dfb6b1a",
                "sha256:dacca89f4bfadd5de3d7489b7c8a566eee0d3676333fbb50030263894c38c0dc"
            ],
            "version": "==7.1.2"
        },
        "durationpy": {
            "hashes": [
                "sha256:5ef9416b527b50d722f34655becfb75e49228eb82f87b855ed1911b3314b5408"
            ],
            "version": "==0.5"
        },
        "future": {
            "hashes": [
                "sha256:b1bead90b70cf6ec3f0710ae53a525360fa360d306a86583adc6bf83a4db537d"
            ],
            "version": "==0.18.2"
        },
        "hjson": {
            "hashes": [
                "sha256:2838fd7200e5839ea4516ece953f3a19892c41089f0d933ba3f68e596aacfcd5",
                "sha256:5546438bf4e1b52bc964c6a47c4ed10fa5fba8a1b264e22efa893e333baad2db"
            ],
            "version": "==3.0.2"
        },
        "idna": {
            "hashes": [
                "sha256:b307872f855b18632ce0c21c5e45be78c0ea7ae4c15c828c20788b26921eb3f6",
                "sha256:b97d804b1e9b523befed77c48dacec60e6dcb0b5391d57af6a65a312a90648c0"
            ],
            "version": "==2.10"
        },
        "importlib-metadata": {
            "hashes": [
                "sha256:742add720a20d0467df2f444ae41704000f50e1234f46174b51f9c6031a1bd71",
                "sha256:b74159469b464a99cb8cc3e21973e4d96e05d3024d337313fedb618a6e86e6f4"
            ],
            "markers": "python_version == '3.7'",
            "version": "==3.7.3"
        },
        "jmespath": {
            "hashes": [
                "sha256:b85d0567b8666149a93172712e68920734333c0ce7e89b78b3e987f71e5ed4f9",
                "sha256:cdf6525904cc597730141d61b36f2e4b8ecc257c420fa2f4549bac2c2d0cb72f"
            ],
            "version": "==0.10.0"
        },
        "kappa": {
            "hashes": [
                "sha256:4b5b372872f25d619e427e04282551048dc975a107385b076b3ffc6406a15833",
                "sha256:4d6b7b3accce4a0aaaac92b36237a6304f0f2fffbbe3caea3f7c9f52d12c9989"
            ],
            "version": "==0.6.0"
        },
        "pep517": {
            "hashes": [
                "sha256:ac59f3f6b9726a49e15a649474539442cf76e0697e39df4869d25e68e880931b",
                "sha256:eba39d201ef937584ad3343df3581069085bacc95454c80188291d5b3ac7a249"
            ],
            "version": "==0.10.0"
        },
        "pip-tools": {
            "hashes": [
                "sha256:3b0c7b95e8d3dfb011bb42cb38f356fcf5d0630480462b59c4d0a112b8d90281",
                "sha256:50ec26df7710557ab574f19f7511830294999e6121b42b87473b48cb9984d788"
            ],
            "version": "==6.0.1"
        },
        "placebo": {
            "hashes": [
                "sha256:03157f8527bbc2965b71b88f4a139ef8038618b346787f20d63e3c5da541b047"
            ],
            "version": "==0.9.0"
        },
        "python-dateutil": {
            "hashes": [
                "sha256:891c38b2a02f5bb1be3e4793866c8df49c7d19baabf9c1bad62547e0b4866aca",
                "sha256:95511bae634d69bc7329ba55e646499a842bc4ec342ad54a8cdb65645a0aad3c"
            ],
            "version": "==2.6.1"
        },
        "python-slugify": {
            "hashes": [
                "sha256:69a517766e00c1268e5bbfc0d010a0a8508de0b18d30ad5a1ff357f8ae724270"
            ],
            "version": "==4.0.1"
        },
        "pyyaml": {
            "hashes": [
                "sha256:02c78d77281d8f8d07a255e57abdbf43b02257f59f50cc6b636937d68efa5dd0",
                "sha256:0dc9f2eb2e3c97640928dec63fd8dc1dd91e6b6ed236bd5ac00332b99b5c2ff9",
                "sha256:124fd7c7bc1e95b1eafc60825f2daf67c73ce7b33f1194731240d24b0d1bf628",
                "sha256:26fcb33776857f4072601502d93e1a619f166c9c00befb52826e7b774efaa9db",
                "sha256:31ba07c54ef4a897758563e3a0fcc60077698df10180abe4b8165d9895c00ebf",
                "sha256:3c49e39ac034fd64fd576d63bb4db53cda89b362768a67f07749d55f128ac18a",
                "sha256:52bf0930903818e600ae6c2901f748bc4869c0c406056f679ab9614e5d21a166",
                "sha256:5a3f345acff76cad4aa9cb171ee76c590f37394186325d53d1aa25318b0d4a09",
                "sha256:5e7ac4e0e79a53451dc2814f6876c2fa6f71452de1498bbe29c0b54b69a986f4",
                "sha256:7242790ab6c20316b8e7bb545be48d7ed36e26bbe279fd56f2c4a12510e60b4b",
                "sha256:737bd70e454a284d456aa1fa71a0b429dd527bcbf52c5c33f7c8eee81ac16b89",
                "sha256:8635d53223b1f561b081ff4adecb828fd484b8efffe542edcfdff471997f7c39",
                "sha256:8b818b6c5a920cbe4203b5a6b14256f0e5244338244560da89b7b0f1313ea4b6",
                "sha256:8bf38641b4713d77da19e91f8b5296b832e4db87338d6aeffe422d42f1ca896d",
                "sha256:a36a48a51e5471513a5aea920cdad84cbd56d70a5057cca3499a637496ea379c",
                "sha256:b2243dd033fd02c01212ad5c601dafb44fbb293065f430b0d3dbf03f3254d615",
                "sha256:cc547d3ead3754712223abb7b403f0a184e4c3eae18c9bb7fd15adef1597cc4b",
                "sha256:cc552b6434b90d9dbed6a4f13339625dc466fd82597119897e9489c953acbc22",
                "sha256:f3790156c606299ff499ec44db422f66f05a7363b39eb9d5b064f17bd7d7c47b",
                "sha256:f7a21e3d99aa3095ef0553e7ceba36fb693998fbb1226f1392ce33681047465f",
                "sha256:fdc6b2cb4b19e431994f25a9160695cc59a4e861710cc6fc97161c5e845fc579"
            ],
            "index": "pypi",
            "version": "==5.4"
        },
        "requests": {
            "hashes": [
                "sha256:43999036bfa82904b6af1d99e4882b560e5e2c68e5c4b0aa03b655f3d7d73fee",
                "sha256:b3f43d496c6daba4493e7c431722aeb7dbc6288f52a6e04e7b6023b0247817e6"
            ],
            "index": "pypi",
            "version": "==2.23.0"
        },
        "s3transfer": {
            "hashes": [
                "sha256:5d48b1fd2232141a9d5fb279709117aaba506cacea7f86f11bc392f06bfa8fc2",
                "sha256:c5dadf598762899d8cfaecf68eba649cd25b0ce93b6c954b156aaa3eed160547"
            ],
            "version": "==0.3.6"
        },
        "sentry-sdk": {
            "hashes": [
                "sha256:23808d571d2461a4ce3784ec12bbee5bdb8c026c143fe79d36cef8a6d653e71f",
                "sha256:bb90a4e19c7233a580715fc986cc44be2c48fc10b31e71580a2037e1c94b6950"
            ],
            "index": "pypi",
            "version": "==0.14.3"
        },
        "six": {
            "hashes": [
                "sha256:30639c035cdb23534cd4aa2dd52c3bf48f06e5f4a941509c8bafd8ce11080259",
                "sha256:8b74bedcbbbaca38ff6d7491d76f2b06b3592611af620f8426e82dddb04a5ced"
            ],
            "version": "==1.15.0"
        },
        "slacker": {
            "hashes": [
                "sha256:1ae7c597025c114e202b5c880345f150f795665bfc638010cac614ede4ed5108"
            ],
            "index": "pypi",
            "version": "==0.14.0"
        },
        "text-unidecode": {
            "hashes": [
                "sha256:1311f10e8b895935241623731c2ba64f4c455287888b18189350b67134a822e8",
                "sha256:bad6603bb14d279193107714b288be206cac565dfa49aa5b105294dd5c4aab93"
            ],
            "version": "==1.3"
        },
        "toml": {
            "hashes": [
                "sha256:806143ae5bfb6a3c6e736a764057db0e6a0e05e338b5630894a5f779cabb4f9b",
                "sha256:b3bda1d108d5dd99f4a20d24d9c348e91c4db7ab1b749200bded2f839ccbe68f"
            ],
            "version": "==0.10.2"
        },
        "tqdm": {
            "hashes": [
                "sha256:9fdf349068d047d4cfbe24862c425883af1db29bcddf4b0eeb2524f6fbdb23c7",
                "sha256:d666ae29164da3e517fcf125e41d4fe96e5bb375cd87ff9763f6b38b5592fe33"
            ],
            "version": "==4.59.0"
        },
        "troposphere": {
            "hashes": [
                "sha256:b0ab144b989e1e1c4698e601008bd5f7fbabd0629b4588cb57d3583f8aa6edc9"
            ],
            "version": "==2.7.0"
        },
        "typing-extensions": {
            "hashes": [
                "sha256:7cb407020f00f7bfc3cb3e7881628838e69d8f3fcab2f64742a5e76b2f841918",
                "sha256:99d4073b617d30288f569d3f13d2bd7548c3a7e4c8de87db09a9d29bb3a4a60c",
                "sha256:dafc7639cde7f1b6e1acc0f457842a83e722ccca8eef5270af2d74792619a89f"
            ],
            "markers": "python_version < '3.8'",
            "version": "==3.7.4.3"
        },
        "urllib3": {
            "hashes": [
                "sha256:8d7eaa5a82a1cac232164990f04874c594c9453ec55eef02eab885aa02fc17a2",
                "sha256:f5321fbe4bf3fefa0efd0bfe7fb14e90909eb62a48ccda331726b4319897dd5e"
            ],
            "version": "==1.25.11"
        },
        "werkzeug": {
            "hashes": [
                "sha256:1e0dedc2acb1f46827daa2e399c1485c8fa17c0d8e70b6b875b4e7f54bf408d2",
                "sha256:b353856d37dec59d6511359f97f6a4b2468442e454bd1c98298ddce53cac1f04"
            ],
            "version": "==0.16.1"
        },
        "wheel": {
            "hashes": [
                "sha256:78b5b185f0e5763c26ca1e324373aadd49182ca90e825f7853f4b2509215dc0e",
                "sha256:e11eefd162658ea59a60a0f6c7d493a7190ea4b9a85e335b33489d9f17e0245e"
            ],
            "version": "==0.36.2"
        },
        "wsgi-request-logger": {
            "hashes": [
                "sha256:445d7ec52799562f812006394d0b4a7064b37084c6ea6bd74ea7a2136c97ed83"
            ],
            "version": "==0.4.6"
        },
        "zappa": {
            "hashes": [
                "sha256:c6e740334c1c39e644a345124b7317003420b632a8f7a6811d18b82bb16e2f8e",
                "sha256:ccfc336d3bc48a6898cbbd157e16653f717dbe3ca37f933ce40acfe242a03a40"
            ],
            "index": "pypi",
            "version": "==0.51.0"
        },
        "zipp": {
            "hashes": [
                "sha256:3607921face881ba3e026887d8150cca609d517579abe052ac81fc5aeffdbd76",
                "sha256:51cb66cc54621609dd593d1787f286ee42a5c0adbb4b29abea5a63edc3e03098"
            ],
            "markers": "python_version < '3.8'",
            "version": "==3.4.1"
        }
    },
    "develop": {}
}
